
Microsoft Visual Studio Solution File, Format Version 12.00
# Visual Studio Version 16
VisualStudioVersion = 16.0.29709.97
MinimumVisualStudioVersion = 10.0.40219.1
Project("{FAE04EC0-301F-11D3-BF4B-00C04F79EFBC}") = "ceres-app", "ceres-app.csproj", "{971D6F6B-6AEE-47CC-A466-DF8EAA656175}"
EndProject
Global
	GlobalSection(SolutionConfigurationPlatforms) = preSolution
		Debug|Any CPU = Debug|Any CPU
		Release|Any CPU = Release|Any CPU
	EndGlobalSection
	GlobalSection(ProjectConfigurationPlatforms) = postSolution
		{971D6F6B-6AEE-47CC-A466-DF8EAA656175}.Debug|Any CPU.ActiveCfg = Debug|Any CPU
		{971D6F6B-6AEE-47CC-A466-DF8EAA656175}.Debug|Any CPU.Build.0 = Debug|Any CPU
		{971D6F6B-6AEE-47CC-A466-DF8EAA656175}.Release|Any CPU.ActiveCfg = Release|Any CPU
		{971D6F6B-6AEE-47CC-A466-DF8EAA656175}.Release|Any CPU.Build.0 = Release|Any CPU
	EndGlobalSection
	GlobalSection(SolutionProperties) = preSolution
		HideSolutionNode = FALSE
	EndGlobalSection
	GlobalSection(ExtensibilityGlobals) = postSolution
		SolutionGuid = {51E778EC-A78E-48A2-9C9D-8365D432D4BA}
	EndGlobalSection
EndGlobal
